
Microsoft Visual Studio Solution File, Format Version 12.00
# Visual Studio Version 16
VisualStudioVersion = 16.0.31229.75
MinimumVisualStudioVersion = 10.0.40219.1
Project("{FAE04EC0-301F-11D3-BF4B-00C04F79EFBC}") = "CSharp_FunWithDataStructuresAssignment", "CSharp_FunWithDataStructuresAssignment\CSharp_FunWithDataStructuresAssignment.csproj", "{9CFE4C22-9AB7-4347-8428-99A8201397D5}"
EndProject
Global
	GlobalSection(SolutionConfigurationPlatforms) = preSolution
		Debug|Any CPU = Debug|Any CPU
		Release|Any CPU = Release|Any CPU
	EndGlobalSection
	GlobalSection(ProjectConfigurationPlatforms) = postSolution
		{9CFE4C22-9AB7-4347-8428-99A8201397D5}.Debug|Any CPU.ActiveCfg = Debug|Any CPU
		{9CFE4C22-9AB7-4347-8428-99A8201397D5}.Debug|Any CPU.Build.0 = Debug|Any CPU
		{9CFE4C22-9AB7-4347-8428-99A8201397D5}.Release|Any CPU.ActiveCfg = Release|Any CPU
		{9CFE4C22-9AB7-4347-8428-99A8201397D5}.Release|Any CPU.Build.0 = Release|Any CPU
	EndGlobalSection
	GlobalSection(SolutionProperties) = preSolution
		HideSolutionNode = FALSE
	EndGlobalSection
	GlobalSection(ExtensibilityGlobals) = postSolution
		SolutionGuid = {F5CFE7ED-CA6C-4644-8A49-F47858C507B9}
	EndGlobalSection
EndGlobal
